
Microsoft Visual Studio Solution File, Format Version 12.00
# Visual Studio Version 17
VisualStudioVersion = 17.11.35208.52
MinimumVisualStudioVersion = 10.0.40219.1
Project("{FAE04EC0-301F-11D3-BF4B-00C04F79EFBC}") = "MonthlyClaimContractSystemPart2", "MonthlyClaimContractSystemPart2\MonthlyClaimContractSystemPart2.csproj", "{A339126E-F091-43B5-A37A-2C64F60920B9}"
EndProject
Global
	GlobalSection(SolutionConfigurationPlatforms) = preSolution
		Debug|Any CPU = Debug|Any CPU
		Release|Any CPU = Release|Any CPU
	EndGlobalSection
	GlobalSection(ProjectConfigurationPlatforms) = postSolution
		{A339126E-F091-43B5-A37A-2C64F60920B9}.Debug|Any CPU.ActiveCfg = Debug|Any CPU
		{A339126E-F091-43B5-A37A-2C64F60920B9}.Debug|Any CPU.Build.0 = Debug|Any CPU
		{A339126E-F091-43B5-A37A-2C64F60920B9}.Release|Any CPU.ActiveCfg = Release|Any CPU
		{A339126E-F091-43B5-A37A-2C64F60920B9}.Release|Any CPU.Build.0 = Release|Any CPU
	EndGlobalSection
	GlobalSection(SolutionProperties) = preSolution
		HideSolutionNode = FALSE
	EndGlobalSection
	GlobalSection(ExtensibilityGlobals) = postSolution
		SolutionGuid = {7CF574E1-6D68-4430-85DC-4B54D21373CC}
	EndGlobalSection
EndGlobal
